
Microsoft Visual Studio Solution File, Format Version 11.00
# Visual Studio 2010
Project("{FAE04EC0-301F-11D3-BF4B-00C04F79EFBC}") = "Model", "Model\Model.csproj", "{3CFB4D80-5CD0-45AB-B57C-8AB3315F1D08}"
EndProject
Project("{FAE04EC0-301F-11D3-BF4B-00C04F79EFBC}") = "WebUI", "WebUI\WebUI.csproj", "{AD3637A3-4D69-4382-9328-E0363F47A248}"
EndProject
Global
	GlobalSection(SolutionConfigurationPlatforms) = preSolution
		Debug|Any CPU = Debug|Any CPU
		Release|Any CPU = Release|Any CPU
	EndGlobalSection
	GlobalSection(ProjectConfigurationPlatforms) = postSolution
		{3CFB4D80-5CD0-45AB-B57C-8AB3315F1D08}.Debug|Any CPU.ActiveCfg = Debug|Any CPU
		{3CFB4D80-5CD0-45AB-B57C-8AB3315F1D08}.Debug|Any CPU.Build.0 = Debug|Any CPU
		{3CFB4D80-5CD0-45AB-B57C-8AB3315F1D08}.Release|Any CPU.ActiveCfg = Release|Any CPU
		{3CFB4D80-5CD0-45AB-B57C-8AB3315F1D08}.Release|Any CPU.Build.0 = Release|Any CPU
		{AD3637A3-4D69-4382-9328-E0363F47A248}.Debug|Any CPU.ActiveCfg = Debug|Any CPU
		{AD3637A3-4D69-4382-9328-E0363F47A248}.Debug|Any CPU.Build.0 = Debug|Any CPU
		{AD3637A3-4D69-4382-9328-E0363F47A248}.Release|Any CPU.ActiveCfg = Release|Any CPU
		{AD3637A3-4D69-4382-9328-E0363F47A248}.Release|Any CPU.Build.0 = Release|Any CPU
	EndGlobalSection
	GlobalSection(SolutionProperties) = preSolution
		HideSolutionNode = FALSE
	EndGlobalSection
EndGlobal
